
Microsoft Visual Studio Solution File, Format Version 12.00
# Visual Studio Version 16
VisualStudioVersion = 16.0.31205.134
MinimumVisualStudioVersion = 10.0.40219.1
Project("{FAE04EC0-301F-11D3-BF4B-00C04F79EFBC}") = "Uri1115", "Uri1115\Uri1115.csproj", "{2E14F8E3-4C58-4FC9-AEB7-B6D2F747F4CF}"
EndProject
Global
	GlobalSection(SolutionConfigurationPlatforms) = preSolution
		Debug|Any CPU = Debug|Any CPU
		Release|Any CPU = Release|Any CPU
	EndGlobalSection
	GlobalSection(ProjectConfigurationPlatforms) = postSolution
		{2E14F8E3-4C58-4FC9-AEB7-B6D2F747F4CF}.Debug|Any CPU.ActiveCfg = Debug|Any CPU
		{2E14F8E3-4C58-4FC9-AEB7-B6D2F747F4CF}.Debug|Any CPU.Build.0 = Debug|Any CPU
		{2E14F8E3-4C58-4FC9-AEB7-B6D2F747F4CF}.Release|Any CPU.ActiveCfg = Release|Any CPU
		{2E14F8E3-4C58-4FC9-AEB7-B6D2F747F4CF}.Release|Any CPU.Build.0 = Release|Any CPU
	EndGlobalSection
	GlobalSection(SolutionProperties) = preSolution
		HideSolutionNode = FALSE
	EndGlobalSection
	GlobalSection(ExtensibilityGlobals) = postSolution
		SolutionGuid = {933D9F45-91C6-4B5E-9383-E4DA9CA8073D}
	EndGlobalSection
EndGlobal
